// !$*UTF8*$!
{
	archiveVersion = 1;
	classes = {
	};
	objectVersion = 56;
	objects = {

/* Begin PBXBuildFile section */
		77A152B12C78D80600C6085F /* RevelationWellnessAppApp.swift in Sources */ = {isa = PBXBuildFile; fileRef = 77A152B02C78D80600C6085F /* RevelationWellnessAppApp.swift */; };
		77A152B32C78D80600C6085F /* ContentView.swift in Sources */ = {isa = PBXBuildFile; fileRef = 77A152B22C78D80600C6085F /* ContentView.swift */; };
		77A152B52C78D80700C6085F /* Assets.xcassets in Resources */ = {isa = PBXBuildFile; fileRef = 77A152B42C78D80700C6085F /* Assets.xcassets */; };
		77A152B82C78D80700C6085F /* Preview Assets.xcassets in Resources */ = {isa = PBXBuildFile; fileRef = 77A152B72C78D80700C6085F /* Preview Assets.xcassets */; };
		77A152C22C78D80700C6085F /* RevelationWellnessAppTests.swift in Sources */ = {isa = PBXBuildFile; fileRef = 77A152C12C78D80700C6085F /* RevelationWellnessAppTests.swift */; };
		77A152CC2C78D80700C6085F /* RevelationWellnessAppUITests.swift in Sources */ = {isa = PBXBuildFile; fileRef = 77A152CB2C78D80700C6085F /* RevelationWellnessAppUITests.swift */; };
		77A152CE2C78D80700C6085F /* RevelationWellnessAppUITestsLaunchTests.swift in Sources */ = {isa = PBXBuildFile; fileRef = 77A152CD2C78D80700C6085F /* RevelationWellnessAppUITestsLaunchTests.swift */; };
/* End PBXBuildFile section */

/* Begin PBXContainerItemProxy section */
		77A152BE2C78D80700C6085F /* PBXContainerItemProxy */ = {
			isa = PBXContainerItemProxy;
			containerPortal = 77A152A52C78D80500C6085F /* Project object */;
			proxyType = 1;
			remoteGlobalIDString = 77A152AC2C78D80600C6085F;
			remoteInfo = RevelationWellnessApp;
		};
		77A152C82C78D80700C6085F /* PBXContainerItemProxy */ = {
			isa = PBXContainerItemProxy;
			containerPortal = 77A152A52C78D80500C6085F /* Project object */;
			proxyType = 1;
			remoteGlobalIDString = 77A152AC2C78D80600C6085F;
			remoteInfo = RevelationWellnessApp;
		};
/* End PBXContainerItemProxy section */

/* Begin PBXFileReference section */
		77A152AD2C78D80600C6085F /* RevelationWellnessApp.app */ = {isa = PBXFileReference; explicitFileType = wrapper.application; includeInIndex = 0; path = RevelationWellnessApp.app; sourceTree = BUILT_PRODUCTS_DIR; };
		77A152B02C78D80600C6085F /* RevelationWellnessAppApp.swift */ = {isa = PBXFileReference; lastKnownFileType = sourcecode.swift; path = RevelationWellnessAppApp.swift; sourceTree = "<group>"; };
		77A152B22C78D80600C6085F /* ContentView.swift */ = {isa = PBXFileReference; lastKnownFileType = sourcecode.swift; path = ContentView.swift; sourceTree = "<group>"; };
		77A152B42C78D80700C6085F /* Assets.xcassets */ = {isa = PBXFileReference; lastKnownFileType = folder.assetcatalog; path = Assets.xcassets; sourceTree = "<group>"; };
		77A152B72C78D80700C6085F /* Preview Assets.xcassets */ = {isa = PBXFileReference; lastKnownFileType = folder.assetcatalog; path = "Preview Assets.xcassets"; sourceTree = "<group>"; };
		77A152BD2C78D80700C6085F /* RevelationWellnessAppTests.xctest */ = {isa = PBXFileReference; explicitFileType = wrapper.cfbundle; includeInIndex = 0; path = RevelationWellnessAppTests.xctest; sourceTree = BUILT_PRODUCTS_DIR; };
		77A152C12C78D80700C6085F /* RevelationWellnessAppTests.swift */ = {isa = PBXFileReference; lastKnownFileType = sourcecode.swift; path = RevelationWellnessAppTests.swift; sourceTree = "<group>"; };
		77A152C72C78D80700C6085F /* RevelationWellnessAppUITests.xctest */ = {isa = PBXFileReference; explicitFileType = wrapper.cfbundle; includeInIndex = 0; path = RevelationWellnessAppUITests.xctest; sourceTree = BUILT_PRODUCTS_DIR; };
		77A152CB2C78D80700C6085F /* RevelationWellnessAppUITests.swift */ = {isa = PBXFileReference; lastKnownFileType = sourcecode.swift; path = RevelationWellnessAppUITests.swift; sourceTree = "<group>"; };
		77A152CD2C78D80700C6085F /* RevelationWellnessAppUITestsLaunchTests.swift */ = {isa = PBXFileReference; lastKnownFileType = sourcecode.swift; path = RevelationWellnessAppUITestsLaunchTests.swift; sourceTree = "<group>"; };
/* End PBXFileReference section */

/* Begin PBXFrameworksBuildPhase section */
		77A152AA2C78D80600C6085F /* Frameworks */ = {
			isa = PBXFrameworksBuildPhase;
			buildActionMask = 2147483647;
			files = (
			);
			runOnlyForDeploymentPostprocessing = 0;
		};
		77A152BA2C78D80700C6085F /* Frameworks */ = {
			isa = PBXFrameworksBuildPhase;
			buildActionMask = 2147483647;
			files = (
			);
			runOnlyForDeploymentPostprocessing = 0;
		};
		77A152C42C78D80700C6085F /* Frameworks */ = {
			isa = PBXFrameworksBuildPhase;
			buildActionMask = 2147483647;
			files = (
			);
			runOnlyForDeploymentPostprocessing = 0;
		};
/* End PBXFrameworksBuildPhase section */

/* Begin PBXGroup section */
		77A152A42C78D80500C6085F = {
			isa = PBXGroup;
			children = (
				77A152AF2C78D80600C6085F /* RevelationWellnessApp */,
				77A152C02C78D80700C6085F /* RevelationWellnessAppTests */,
				77A152CA2C78D80700C6085F /* RevelationWellnessAppUITests */,
				77A152AE2C78D80600C6085F /* Products */,
			);
			sourceTree = "<group>";
		};
		77A152AE2C78D80600C6085F /* Products */ = {
			isa = PBXGroup;
			children = (
				77A152AD2C78D80600C6085F /* RevelationWellnessApp.app */,
				77A152BD2C78D80700C6085F /* RevelationWellnessAppTests.xctest */,
				77A152C72C78D80700C6085F /* RevelationWellnessAppUITests.xctest */,
			);
			name = Products;
			sourceTree = "<group>";
		};
		77A152AF2C78D80600C6085F /* RevelationWellnessApp */ = {
			isa = PBXGroup;
			children = (
				77A152B02C78D80600C6085F /* RevelationWellnessAppApp.swift */,
				77A152B22C78D80600C6085F /* ContentView.swift */,
				77A152B42C78D80700C6085F /* Assets.xcassets */,
				77A152B62C78D80700C6085F /* Preview Content */,
			);
			path = RevelationWellnessApp;
			sourceTree = "<group>";
		};
		77A152B62C78D80700C6085F /* Preview Content */ = {
			isa = PBXGroup;
			children = (
				77A152B72C78D80700C6085F /* Preview Assets.xcassets */,
			);
			path = "Preview Content";
			sourceTree = "<group>";
		};
		77A152C02C78D80700C6085F /* RevelationWellnessAppTests */ = {
			isa = PBXGroup;
			children = (
				77A152C12C78D80700C6085F /* RevelationWellnessAppTests.swift */,
			);
			path = RevelationWellnessAppTests;
			sourceTree = "<group>";
		};
		77A152CA2C78D80700C6085F /* RevelationWellnessAppUITests */ = {
			isa = PBXGroup;
			children = (
				77A152CB2C78D80700C6085F /* RevelationWellnessAppUITests.swift */,
				77A152CD2C78D80700C6085F /* RevelationWellnessAppUITestsLaunchTests.swift */,
			);
			path = RevelationWellnessAppUITests;
			sourceTree = "<group>";
		};
/* End PBXGroup section */

/* Begin PBXNativeTarget section */
		77A152AC2C78D80600C6085F /* RevelationWellnessApp */ = {
			isa = PBXNativeTarget;
			buildConfigurationList = 77A152D12C78D80700C6085F /* Build configuration list for PBXNativeTarget "RevelationWellnessApp" */;
			buildPhases = (
				77A152A92C78D80600C6085F /* Sources */,
				77A152AA2C78D80600C6085F /* Frameworks */,
				77A152AB2C78D80600C6085F /* Resources */,
			);
			buildRules = (
			);
			dependencies = (
			);
			name = RevelationWellnessApp;
			productName = RevelationWellnessApp;
			productReference = 77A152AD2C78D80600C6085F /* RevelationWellnessApp.app */;
			productType = "com.apple.product-type.application";
		};
		77A152BC2C78D80700C6085F /* RevelationWellnessAppTests */ = {
			isa = PBXNativeTarget;
			buildConfigurationList = 77A152D42C78D80700C6085F /* Build configuration list for PBXNativeTarget "RevelationWellnessAppTests" */;
			buildPhases = (
				77A152B92C78D80700C6085F /* Sources */,
				77A152BA2C78D80700C6085F /* Frameworks */,
				77A152BB2C78D80700C6085F /* Resources */,
			);
			buildRules = (
			);
			dependencies = (
				77A152BF2C78D80700C6085F /* PBXTargetDependency */,
			);
			name = RevelationWellnessAppTests;
			productName = RevelationWellnessAppTests;
			productReference = 77A152BD2C78D80700C6085F /* RevelationWellnessAppTests.xctest */;
			productType = "com.apple.product-type.bundle.unit-test";
		};
		77A152C62C78D80700C6085F /* RevelationWellnessAppUITests */ = {
			isa = PBXNativeTarget;
			buildConfigurationList = 77A152D72C78D80700C6085F /* Build configuration list for PBXNativeTarget "RevelationWellnessAppUITests" */;
			buildPhases = (
				77A152C32C78D80700C6085F /* Sources */,
				77A152C42C78D80700C6085F /* Frameworks */,
				77A152C52C78D80700C6085F /* Resources */,
			);
			buildRules = (
			);
			dependencies = (
				77A152C92C78D80700C6085F /* PBXTargetDependency */,
			);
			name = RevelationWellnessAppUITests;
			productName = RevelationWellnessAppUITests;
			productReference = 77A152C72C78D80700C6085F /* RevelationWellnessAppUITests.xctest */;
			productType = "com.apple.product-type.bundle.ui-testing";
		};
/* End PBXNativeTarget section */

/* Begin PBXProject section */
		77A152A52C78D80500C6085F /* Project object */ = {
			isa = PBXProject;
			attributes = {
				BuildIndependentTargetsInParallel = 1;
				LastSwiftUpdateCheck = 1540;
				LastUpgradeCheck = 1540;
				TargetAttributes = {
					77A152AC2C78D80600C6085F = {
						CreatedOnToolsVersion = 15.4;
					};
					77A152BC2C78D80700C6085F = {
						CreatedOnToolsVersion = 15.4;
						TestTargetID = 77A152AC2C78D80600C6085F;
					};
					77A152C62C78D80700C6085F = {
						CreatedOnToolsVersion = 15.4;
						TestTargetID = 77A152AC2C78D80600C6085F;
					};
				};
			};
			buildConfigurationList = 77A152A82C78D80500C6085F /* Build configuration list for PBXProject "RevelationWellnessApp" */;
			compatibilityVersion = "Xcode 14.0";
			developmentRegion = en;
			hasScannedForEncodings = 0;
			knownRegions = (
				en,
				Base,
			);
			mainGroup = 77A152A42C78D80500C6085F;
			productRefGroup = 77A152AE2C78D80600C6085F /* Products */;
			projectDirPath = "";
			projectRoot = "";
			targets = (
				77A152AC2C78D80600C6085F /* RevelationWellnessApp */,
				77A152BC2C78D80700C6085F /* RevelationWellnessAppTests */,
				77A152C62C78D80700C6085F /* RevelationWellnessAppUITests */,
			);
		};
/* End PBXProject section */

/* Begin PBXResourcesBuildPhase section */
		77A152AB2C78D80600C6085F /* Resources */ = {
			isa = PBXResourcesBuildPhase;
			buildActionMask = 2147483647;
			files = (
				77A152B82C78D80700C6085F /* Preview Assets.xcassets in Resources */,
				77A152B52C78D80700C6085F /* Assets.xcassets in Resources */,
			);
			runOnlyForDeploymentPostprocessing = 0;
		};
		77A152BB2C78D80700C6085F /* Resources */ = {
			isa = PBXResourcesBuildPhase;
			buildActionMask = 2147483647;
			files = (
			);
			runOnlyForDeploymentPostprocessing = 0;
		};
		77A152C52C78D80700C6085F /* Resources */ = {
			isa = PBXResourcesBuildPhase;
			buildActionMask = 2147483647;
			files = (
			);
			runOnlyForDeploymentPostprocessing = 0;
		};
/* End PBXResourcesBuildPhase section */

/* Begin PBXSourcesBuildPhase section */
		77A152A92C78D80600C6085F /* Sources */ = {
			isa = PBXSourcesBuildPhase;
			buildActionMask = 2147483647;
			files = (
				77A152B32C78D80600C6085F /* ContentView.swift in Sources */,
				77A152B12C78D80600C6085F /* RevelationWellnessAppApp.swift in Sources */,
			);
			runOnlyForDeploymentPostprocessing = 0;
		};
		77A152B92C78D80700C6085F /* Sources */ = {
			isa = PBXSourcesBuildPhase;
			buildActionMask = 2147483647;
			files = (
				77A152C22C78D80700C6085F /* RevelationWellnessAppTests.swift in Sources */,
			);
			runOnlyForDeploymentPostprocessing = 0;
		};
		77A152C32C78D80700C6085F /* Sources */ = {
			isa = PBXSourcesBuildPhase;
			buildActionMask = 2147483647;
			files = (
				77A152CE2C78D80700C6085F /* RevelationWellnessAppUITestsLaunchTests.swift in Sources */,
				77A152CC2C78D80700C6085F /* RevelationWellnessAppUITests.swift in Sources */,
			);
			runOnlyForDeploymentPostprocessing = 0;
		};
/* End PBXSourcesBuildPhase section */

/* Begin PBXTargetDependency section */
		77A152BF2C78D80700C6085F /* PBXTargetDependency */ = {
			isa = PBXTargetDependency;
			target = 77A152AC2C78D80600C6085F /* RevelationWellnessApp */;
			targetProxy = 77A152BE2C78D80700C6085F /* PBXContainerItemProxy */;
		};
		77A152C92C78D80700C6085F /* PBXTargetDependency */ = {
			isa = PBXTargetDependency;
			target = 77A152AC2C78D80600C6085F /* RevelationWellnessApp */;
			targetProxy = 77A152C82C78D80700C6085F /* PBXContainerItemProxy */;
		};
/* End PBXTargetDependency section */

/* Begin XCBuildConfiguration section */
		77A152CF2C78D80700C6085F /* Debug */ = {
			isa = XCBuildConfiguration;
			buildSettings = {
				ALWAYS_SEARCH_USER_PATHS = NO;
				ASSETCATALOG_COMPILER_GENERATE_SWIFT_ASSET_SYMBOL_EXTENSIONS = YES;
				CLANG_ANALYZER_NONNULL = YES;
				CLANG_ANALYZER_NUMBER_OBJECT_CONVERSION = YES_AGGRESSIVE;
				CLANG_CXX_LANGUAGE_STANDARD = "gnu++20";
				CLANG_ENABLE_MODULES = YES;
				CLANG_ENABLE_OBJC_ARC = YES;
				CLANG_ENABLE_OBJC_WEAK = YES;
				CLANG_WARN_BLOCK_CAPTURE_AUTORELEASING = YES;
				CLANG_WARN_BOOL_CONVERSION = YES;
				CLANG_WARN_COMMA = YES;
				CLANG_WARN_CONSTANT_CONVERSION = YES;
				CLANG_WARN_DEPRECATED_OBJC_IMPLEMENTATIONS = YES;
				CLANG_WARN_DIRECT_OBJC_ISA_USAGE = YES_ERROR;
				CLANG_WARN_DOCUMENTATION_COMMENTS = YES;
				CLANG_WARN_EMPTY_BODY = YES;
				CLANG_WARN_ENUM_CONVERSION = YES;
				CLANG_WARN_INFINITE_RECURSION = YES;
				CLANG_WARN_INT_CONVERSION = YES;
				CLANG_WARN_NON_LITERAL_NULL_CONVERSION = YES;
				CLANG_WARN_OBJC_IMPLICIT_RETAIN_SELF = YES;
				CLANG_WARN_OBJC_LITERAL_CONVERSION = YES;
				CLANG_WARN_OBJC_ROOT_CLASS = YES_ERROR;
				CLANG_WARN_QUOTED_INCLUDE_IN_FRAMEWORK_HEADER = YES;
				CLANG_WARN_RANGE_LOOP_ANALYSIS = YES;
				CLANG_WARN_STRICT_PROTOTYPES = YES;
				CLANG_WARN_SUSPICIOUS_MOVE = YES;
				CLANG_WARN_UNGUARDED_AVAILABILITY = YES_AGGRESSIVE;
				CLANG_WARN_UNREACHABLE_CODE = YES;
				CLANG_WARN__DUPLICATE_METHOD_MATCH = YES;
				COPY_PHASE_STRIP = NO;
				DEBUG_INFORMATION_FORMAT = dwarf;
				ENABLE_STRICT_OBJC_MSGSEND = YES;
				ENABLE_TESTABILITY = YES;
				ENABLE_USER_SCRIPT_SANDBOXING = YES;
				GCC_C_LANGUAGE_STANDARD = gnu17;
				GCC_DYNAMIC_NO_PIC = NO;
				GCC_NO_COMMON_BLOCKS = YES;
				GCC_OPTIMIZATION_LEVEL = 0;
				GCC_PREPROCESSOR_DEFINITIONS = (
					"DEBUG=1",
					"$(inherited)",
				);
				GCC_WARN_64_TO_32_BIT_CONVERSION = YES;
				GCC_WARN_ABOUT_RETURN_TYPE = YES_ERROR;
				GCC_WARN_UNDECLARED_SELECTOR = YES;
				GCC_WARN_UNINITIALIZED_AUTOS = YES_AGGRESSIVE;
				GCC_WARN_UNUSED_FUNCTION = YES;
				GCC_WARN_UNUSED_VARIABLE = YES;
				IPHONEOS_DEPLOYMENT_TARGET = 17.5;
				LOCALIZATION_PREFERS_STRING_CATALOGS = YES;
				MTL_ENABLE_DEBUG_INFO = INCLUDE_SOURCE;
				MTL_FAST_MATH = YES;
				ONLY_ACTIVE_ARCH = YES;
				SDKROOT = iphoneos;
				SWIFT_ACTIVE_COMPILATION_CONDITIONS = "DEBUG $(inherited)";
				SWIFT_OPTIMIZATION_LEVEL = "-Onone";
			};
			name = Debug;
		};
		77A152D02C78D80700C6085F /* Release */ = {
			isa = XCBuildConfiguration;
			buildSettings = {
				ALWAYS_SEARCH_USER_PATHS = NO;
				ASSETCATALOG_COMPILER_GENERATE_SWIFT_ASSET_SYMBOL_EXTENSIONS = YES;
				CLANG_ANALYZER_NONNULL = YES;
				CLANG_ANALYZER_NUMBER_OBJECT_CONVERSION = YES_AGGRESSIVE;
				CLANG_CXX_LANGUAGE_STANDARD = "gnu++20";
				CLANG_ENABLE_MODULES = YES;
				CLANG_ENABLE_OBJC_ARC = YES;
				CLANG_ENABLE_OBJC_WEAK = YES;
				CLANG_WARN_BLOCK_CAPTURE_AUTORELEASING = YES;
				CLANG_WARN_BOOL_CONVERSION = YES;
				CLANG_WARN_COMMA = YES;
				CLANG_WARN_CONSTANT_CONVERSION = YES;
				CLANG_WARN_DEPRECATED_OBJC_IMPLEMENTATIONS = YES;
				CLANG_WARN_DIRECT_OBJC_ISA_USAGE = YES_ERROR;
				CLANG_WARN_DOCUMENTATION_COMMENTS = YES;
				CLANG_WARN_EMPTY_BODY = YES;
				CLANG_WARN_ENUM_CONVERSION = YES;
				CLANG_WARN_INFINITE_RECURSION = YES;
				CLANG_WARN_INT_CONVERSION = YES;
				CLANG_WARN_NON_LITERAL_NULL_CONVERSION = YES;
				CLANG_WARN_OBJC_IMPLICIT_RETAIN_SELF = YES;
				CLANG_WARN_OBJC_LITERAL_CONVERSION = YES;
				CLANG_WARN_OBJC_ROOT_CLASS = YES_ERROR;
				CLANG_WARN_QUOTED_INCLUDE_IN_FRAMEWORK_HEADER = YES;
				CLANG_WARN_RANGE_LOOP_ANALYSIS = YES;
				CLANG_WARN_STRICT_PROTOTYPES = YES;
				CLANG_WARN_SUSPICIOUS_MOVE = YES;
				CLANG_WARN_UNGUARDED_AVAILABILITY = YES_AGGRESSIVE;
				CLANG_WARN_UNREACHABLE_CODE = YES;
				CLANG_WARN__DUPLICATE_METHOD_MATCH = YES;
				COPY_PHASE_STRIP = NO;
				DEBUG_INFORMATION_FORMAT = "dwarf-with-dsym";
				ENABLE_NS_ASSERTIONS = NO;
				ENABLE_STRICT_OBJC_MSGSEND = YES;
				ENABLE_USER_SCRIPT_SANDBOXING = YES;
				GCC_C_LANGUAGE_STANDARD = gnu17;
				GCC_NO_COMMON_BLOCKS = YES;
				GCC_WARN_64_TO_32_BIT_CONVERSION = YES;
				GCC_WARN_ABOUT_RETURN_TYPE = YES_ERROR;
				GCC_WARN_UNDECLARED_SELECTOR = YES;
				GCC_WARN_UNINITIALIZED_AUTOS = YES_AGGRESSIVE;
				GCC_WARN_UNUSED_FUNCTION = YES;
				GCC_WARN_UNUSED_VARIABLE = YES;
				IPHONEOS_DEPLOYMENT_TARGET = 17.5;
				LOCALIZATION_PREFERS_STRING_CATALOGS = YES;
				MTL_ENABLE_DEBUG_INFO = NO;
				MTL_FAST_MATH = YES;
				SDKROOT = iphoneos;
				SWIFT_COMPILATION_MODE = wholemodule;
				VALIDATE_PRODUCT = YES;
			};
			name = Release;
		};
		77A152D22C78D80700C6085F /* Debug */ = {
			isa = XCBuildConfiguration;
			buildSettings = {
				ASSETCATALOG_COMPILER_APPICON_NAME = AppIcon;
				ASSETCATALOG_COMPILER_GLOBAL_ACCENT_COLOR_NAME = AccentColor;
				CODE_SIGN_STYLE = Automatic;
				CURRENT_PROJECT_VERSION = 1;
				DEVELOPMENT_ASSET_PATHS = "\"RevelationWellnessApp/Preview Content\"";
				DEVELOPMENT_TEAM = 86SS3JFGCU;
				ENABLE_PREVIEWS = YES;
				GENERATE_INFOPLIST_FILE = YES;
				INFOPLIST_KEY_UIApplicationSceneManifest_Generation = YES;
				INFOPLIST_KEY_UIApplicationSupportsIndirectInputEvents = YES;
				INFOPLIST_KEY_UILaunchScreen_Generation = YES;
				INFOPLIST_KEY_UISupportedInterfaceOrientations_iPad = "UIInterfaceOrientationPortrait UIInterfaceOrientationPortraitUpsideDown UIInterfaceOrientationLandscapeLeft UIInterfaceOrientationLandscapeRight";
				INFOPLIST_KEY_UISupportedInterfaceOrientations_iPhone = "UIInterfaceOrientationPortrait UIInterfaceOrientationLandscapeLeft UIInterfaceOrientationLandscapeRight";
				LD_RUNPATH_SEARCH_PATHS = (
					"$(inherited)",
					"@executable_path/Frameworks",
				);
				MARKETING_VERSION = 1.0;
				PRODUCT_BUNDLE_IDENTIFIER = revelationwellness.RevelationWellnessApp;
				PRODUCT_NAME = "$(TARGET_NAME)";
				SWIFT_EMIT_LOC_STRINGS = YES;
				SWIFT_VERSION = 5.0;
				TARGETED_DEVICE_FAMILY = "1,2";
			};
			name = Debug;
		};
		77A152D32C78D80700C6085F /* Release */ = {
			isa = XCBuildConfiguration;
			buildSettings = {
				ASSETCATALOG_COMPILER_APPICON_NAME = AppIcon;
				ASSETCATALOG_COMPILER_GLOBAL_ACCENT_COLOR_NAME = AccentColor;
				CODE_SIGN_STYLE = Automatic;
				CURRENT_PROJECT_VERSION = 1;
				DEVELOPMENT_ASSET_PATHS = "\"RevelationWellnessApp/Preview Content\"";
				DEVELOPMENT_TEAM = 86SS3JFGCU;
				ENABLE_PREVIEWS = YES;
				GENERATE_INFOPLIST_FILE = YES;
				INFOPLIST_KEY_UIApplicationSceneManifest_Generation = YES;
				INFOPLIST_KEY_UIApplicationSupportsIndirectInputEvents = YES;
				INFOPLIST_KEY_UILaunchScreen_Generation = YES;
				INFOPLIST_KEY_UISupportedInterfaceOrientations_iPad = "UIInterfaceOrientationPortrait UIInterfaceOrientationPortraitUpsideDown UIInterfaceOrientationLandscapeLeft UIInterfaceOrientationLandscapeRight";
				INFOPLIST_KEY_UISupportedInterfaceOrientations_iPhone = "UIInterfaceOrientationPortrait UIInterfaceOrientationLandscapeLeft UIInterfaceOrientationLandscapeRight";
				LD_RUNPATH_SEARCH_PATHS = (
					"$(inherited)",
					"@executable_path/Frameworks",
				);
				MARKETING_VERSION = 1.0;
				PRODUCT_BUNDLE_IDENTIFIER = revelationwellness.RevelationWellnessApp;
				PRODUCT_NAME = "$(TARGET_NAME)";
				SWIFT_EMIT_LOC_STRINGS = YES;
				SWIFT_VERSION = 5.0;
				TARGETED_DEVICE_FAMILY = "1,2";
			};
			name = Release;
		};
		77A152D52C78D80700C6085F /* Debug */ = {
			isa = XCBuildConfiguration;
			buildSettings = {
				ALWAYS_EMBED_SWIFT_STANDARD_LIBRARIES = YES;
				BUNDLE_LOADER = "$(TEST_HOST)";
				CODE_SIGN_STYLE = Automatic;
				CURRENT_PROJECT_VERSION = 1;
				DEVELOPMENT_TEAM = 86SS3JFGCU;
				GENERATE_INFOPLIST_FILE = YES;
				IPHONEOS_DEPLOYMENT_TARGET = 17.5;
				MARKETING_VERSION = 1.0;
				PRODUCT_BUNDLE_IDENTIFIER = revelationwellness.RevelationWellnessAppTests;
				PRODUCT_NAME = "$(TARGET_NAME)";
				SWIFT_EMIT_LOC_STRINGS = NO;
				SWIFT_VERSION = 5.0;
				TARGETED_DEVICE_FAMILY = "1,2";
				TEST_HOST = "$(BUILT_PRODUCTS_DIR)/RevelationWellnessApp.app/$(BUNDLE_EXECUTABLE_FOLDER_PATH)/RevelationWellnessApp";
			};
			name = Debug;
		};
		77A152D62C78D80700C6085F /* Release */ = {
			isa = XCBuildConfiguration;
			buildSettings = {
				ALWAYS_EMBED_SWIFT_STANDARD_LIBRARIES = YES;
				BUNDLE_LOADER = "$(TEST_HOST)";
				CODE_SIGN_STYLE = Automatic;
				CURRENT_PROJECT_VERSION = 1;
				DEVELOPMENT_TEAM = 86SS3JFGCU;
				GENERATE_INFOPLIST_FILE = YES;
				IPHONEOS_DEPLOYMENT_TARGET = 17.5;
				MARKETING_VERSION = 1.0;
				PRODUCT_BUNDLE_IDENTIFIER = revelationwellness.RevelationWellnessAppTests;
				PRODUCT_NAME = "$(TARGET_NAME)";
				SWIFT_EMIT_LOC_STRINGS = NO;
				SWIFT_VERSION = 5.0;
				TARGETED_DEVICE_FAMILY = "1,2";
				TEST_HOST = "$(BUILT_PRODUCTS_DIR)/RevelationWellnessApp.app/$(BUNDLE_EXECUTABLE_FOLDER_PATH)/RevelationWellnessApp";
			};
			name = Release;
		};
		77A152D82C78D80700C6085F /* Debug */ = {
			isa = XCBuildConfiguration;
			buildSettings = {
				ALWAYS_EMBED_SWIFT_STANDARD_LIBRARIES = YES;
				CODE_SIGN_STYLE = Automatic;
				CURRENT_PROJECT_VERSION = 1;
				DEVELOPMENT_TEAM = 86SS3JFGCU;
				GENERATE_INFOPLIST_FILE = YES;
				MARKETING_VERSION = 1.0;
				PRODUCT_BUNDLE_IDENTIFIER = revelationwellness.RevelationWellnessAppUITests;
				PRODUCT_NAME = "$(TARGET_NAME)";
				SWIFT_EMIT_LOC_STRINGS = NO;
				SWIFT_VERSION = 5.0;
				TARGETED_DEVICE_FAMILY = "1,2";
				TEST_TARGET_NAME = RevelationWellnessApp;
			};
			name = Debug;
		};
		77A152D92C78D80700C6085F /* Release */ = {
			isa = XCBuildConfiguration;
			buildSettings = {
				ALWAYS_EMBED_SWIFT_STANDARD_LIBRARIES = YES;
				CODE_SIGN_STYLE = Automatic;
				CURRENT_PROJECT_VERSION = 1;
				DEVELOPMENT_TEAM = 86SS3JFGCU;
				GENERATE_INFOPLIST_FILE = YES;
				MARKETING_VERSION = 1.0;
				PRODUCT_BUNDLE_IDENTIFIER = revelationwellness.RevelationWellnessAppUITests;
				PRODUCT_NAME = "$(TARGET_NAME)";
				SWIFT_EMIT_LOC_STRINGS = NO;
				SWIFT_VERSION = 5.0;
				TARGETED_DEVICE_FAMILY = "1,2";
				TEST_TARGET_NAME = RevelationWellnessApp;
			};
			name = Release;
		};
/* End XCBuildConfiguration section */

/* Begin XCConfigurationList section */
		77A152A82C78D80500C6085F /* Build configuration list for PBXProject "RevelationWellnessApp" */ = {
			isa = XCConfigurationList;
			buildConfigurations = (
				77A152CF2C78D80700C6085F /* Debug */,
				77A152D02C78D80700C6085F /* Release */,
			);
			defaultConfigurationIsVisible = 0;
			defaultConfigurationName = Release;
		};
		77A152D12C78D80700C6085F /* Build configuration list for PBXNativeTarget "RevelationWellnessApp" */ = {
			isa = XCConfigurationList;
			buildConfigurations = (
				77A152D22C78D80700C6085F /* Debug */,
				77A152D32C78D80700C6085F /* Release */,
			);
			defaultConfigurationIsVisible = 0;
			defaultConfigurationName = Release;
		};
		77A152D42C78D80700C6085F /* Build configuration list for PBXNativeTarget "RevelationWellnessAppTests" */ = {
			isa = XCConfigurationList;
			buildConfigurations = (
				77A152D52C78D80700C6085F /* Debug */,
				77A152D62C78D80700C6085F /* Release */,
			);
			defaultConfigurationIsVisible = 0;
			defaultConfigurationName = Release;
		};
		77A152D72C78D80700C6085F /* Build configuration list for PBXNativeTarget "RevelationWellnessAppUITests" */ = {
			isa = XCConfigurationList;
			buildConfigurations = (
				77A152D82C78D80700C6085F /* Debug */,
				77A152D92C78D80700C6085F /* Release */,
			);
			defaultConfigurationIsVisible = 0;
			defaultConfigurationName = Release;
		};
/* End XCConfigurationList section */
	};
	rootObject = 77A152A52C78D80500C6085F /* Project object */;
}
